
Microsoft Visual Studio Solution File, Format Version 12.00
# Visual Studio 15
VisualStudioVersion = 15.0.27703.2042
MinimumVisualStudioVersion = 10.0.40219.1
Project("{FAE04EC0-301F-11D3-BF4B-00C04F79EFBC}") = "SimUDuck", "SimUDuck\SimUDuck.csproj", "{41EFAE54-AAE6-497C-B5B2-35142E25A557}"
EndProject
Global
	GlobalSection(SolutionConfigurationPlatforms) = preSolution
		Debug|Any CPU = Debug|Any CPU
		Release|Any CPU = Release|Any CPU
	EndGlobalSection
	GlobalSection(ProjectConfigurationPlatforms) = postSolution
		{41EFAE54-AAE6-497C-B5B2-35142E25A557}.Debug|Any CPU.ActiveCfg = Debug|Any CPU
		{41EFAE54-AAE6-497C-B5B2-35142E25A557}.Debug|Any CPU.Build.0 = Debug|Any CPU
		{41EFAE54-AAE6-497C-B5B2-35142E25A557}.Release|Any CPU.ActiveCfg = Release|Any CPU
		{41EFAE54-AAE6-497C-B5B2-35142E25A557}.Release|Any CPU.Build.0 = Release|Any CPU
	EndGlobalSection
	GlobalSection(SolutionProperties) = preSolution
		HideSolutionNode = FALSE
	EndGlobalSection
	GlobalSection(ExtensibilityGlobals) = postSolution
		SolutionGuid = {AE2294B0-6E7E-4615-8384-692B7C9A0E30}
	EndGlobalSection
EndGlobal
